
Microsoft Visual Studio Solution File, Format Version 12.00
# Visual Studio Version 16
VisualStudioVersion = 16.0.28714.193
MinimumVisualStudioVersion = 10.0.40219.1
Project("{FAE04EC0-301F-11D3-BF4B-00C04F79EFBC}") = "MasterChief.DotNet.Infrastructure.SerializerSample", "MasterChief.DotNet.Infrastructure.SerializerSample\MasterChief.DotNet.Infrastructure.SerializerSample.csproj", "{A110C124-9BF7-4334-9684-8603E0666DB3}"
EndProject
Global
	GlobalSection(SolutionConfigurationPlatforms) = preSolution
		Debug|Any CPU = Debug|Any CPU
		Release|Any CPU = Release|Any CPU
	EndGlobalSection
	GlobalSection(ProjectConfigurationPlatforms) = postSolution
		{A110C124-9BF7-4334-9684-8603E0666DB3}.Debug|Any CPU.ActiveCfg = Debug|Any CPU
		{A110C124-9BF7-4334-9684-8603E0666DB3}.Debug|Any CPU.Build.0 = Debug|Any CPU
		{A110C124-9BF7-4334-9684-8603E0666DB3}.Release|Any CPU.ActiveCfg = Release|Any CPU
		{A110C124-9BF7-4334-9684-8603E0666DB3}.Release|Any CPU.Build.0 = Release|Any CPU
	EndGlobalSection
	GlobalSection(SolutionProperties) = preSolution
		HideSolutionNode = FALSE
	EndGlobalSection
	GlobalSection(ExtensibilityGlobals) = postSolution
		SolutionGuid = {741D896A-4541-457D-B304-B589938EE83C}
	EndGlobalSection
EndGlobal
